// !$*UTF8*$!
{
	archiveVersion = 1;
	classes = {
	};
	objectVersion = 50;
	objects = {

/* Begin PBXBuildFile section */
		0F188CCE214A4EB0000C15B9 /* AppDelegate.swift in Sources */ = {isa = PBXBuildFile; fileRef = 0F188CCD214A4EB0000C15B9 /* AppDelegate.swift */; };
		0F188CD3214A4EB0000C15B9 /* Geolocation.storyboard in Resources */ = {isa = PBXBuildFile; fileRef = 0F188CD1214A4EB0000C15B9 /* Geolocation.storyboard */; };
		0F188CD5214A4EB1000C15B9 /* Assets.xcassets in Resources */ = {isa = PBXBuildFile; fileRef = 0F188CD4214A4EB1000C15B9 /* Assets.xcassets */; };
		0F188CD8214A4EB1000C15B9 /* LaunchScreen.storyboard in Resources */ = {isa = PBXBuildFile; fileRef = 0F188CD6214A4EB1000C15B9 /* LaunchScreen.storyboard */; };
		0F188CE5214A5407000C15B9 /* StartScreenViewController.swift in Sources */ = {isa = PBXBuildFile; fileRef = 0F188CE4214A5407000C15B9 /* StartScreenViewController.swift */; };
		0F188CE7214A5424000C15B9 /* ImagePreviewViewController.swift in Sources */ = {isa = PBXBuildFile; fileRef = 0F188CE6214A5423000C15B9 /* ImagePreviewViewController.swift */; };
		0F7AE54E21527FD300DB4AEF /* PhotoAlbum.swift in Sources */ = {isa = PBXBuildFile; fileRef = 0F7AE54D21527FD300DB4AEF /* PhotoAlbum.swift */; };
		0F7AE5532153812800DB4AEF /* Concept.m4v in Resources */ = {isa = PBXBuildFile; fileRef = 0F7AE5522153812800DB4AEF /* Concept.m4v */; };
		0F7AE5552153852900DB4AEF /* VideoPreviewViewController.swift in Sources */ = {isa = PBXBuildFile; fileRef = 0F7AE5542153852900DB4AEF /* VideoPreviewViewController.swift */; };
/* End PBXBuildFile section */

/* Begin PBXFileReference section */
		0F188CCA214A4EB0000C15B9 /* PhotoGeolocation.app */ = {isa = PBXFileReference; explicitFileType = wrapper.application; includeInIndex = 0; path = PhotoGeolocation.app; sourceTree = BUILT_PRODUCTS_DIR; };
		0F188CCD214A4EB0000C15B9 /* AppDelegate.swift */ = {isa = PBXFileReference; lastKnownFileType = sourcecode.swift; path = AppDelegate.swift; sourceTree = "<group>"; };
		0F188CD2214A4EB0000C15B9 /* Base */ = {isa = PBXFileReference; lastKnownFileType = file.storyboard; name = Base; path = Base.lproj/Geolocation.storyboard; sourceTree = "<group>"; };
		0F188CD4214A4EB1000C15B9 /* Assets.xcassets */ = {isa = PBXFileReference; lastKnownFileType = folder.assetcatalog; path = Assets.xcassets; sourceTree = "<group>"; };
		0F188CD7214A4EB1000C15B9 /* Base */ = {isa = PBXFileReference; lastKnownFileType = file.storyboard; name = Base; path = Base.lproj/LaunchScreen.storyboard; sourceTree = "<group>"; };
		0F188CD9214A4EB1000C15B9 /* Info.plist */ = {isa = PBXFileReference; lastKnownFileType = text.plist.xml; path = Info.plist; sourceTree = "<group>"; };
		0F188CE4214A5407000C15B9 /* StartScreenViewController.swift */ = {isa = PBXFileReference; fileEncoding = 4; lastKnownFileType = sourcecode.swift; path = StartScreenViewController.swift; sourceTree = "<group>"; };
		0F188CE6214A5423000C15B9 /* ImagePreviewViewController.swift */ = {isa = PBXFileReference; lastKnownFileType = sourcecode.swift; path = ImagePreviewViewController.swift; sourceTree = "<group>"; };
		0F7AE54D21527FD300DB4AEF /* PhotoAlbum.swift */ = {isa = PBXFileReference; lastKnownFileType = sourcecode.swift; path = PhotoAlbum.swift; sourceTree = "<group>"; };
		0F7AE5522153812800DB4AEF /* Concept.m4v */ = {isa = PBXFileReference; lastKnownFileType = file; path = Concept.m4v; sourceTree = "<group>"; };
		0F7AE5542153852900DB4AEF /* VideoPreviewViewController.swift */ = {isa = PBXFileReference; lastKnownFileType = sourcecode.swift; path = VideoPreviewViewController.swift; sourceTree = "<group>"; };
/* End PBXFileReference section */

/* Begin PBXFrameworksBuildPhase section */
		0F188CC7214A4EB0000C15B9 /* Frameworks */ = {
			isa = PBXFrameworksBuildPhase;
			buildActionMask = 2147483647;
			files = (
			);
			runOnlyForDeploymentPostprocessing = 0;
		};
/* End PBXFrameworksBuildPhase section */

/* Begin PBXGroup section */
		0F188CC1214A4EB0000C15B9 = {
			isa = PBXGroup;
			children = (
				0F188CCC214A4EB0000C15B9 /* PhotoGeolocation */,
				0F188CCB214A4EB0000C15B9 /* Products */,
			);
			sourceTree = "<group>";
		};
		0F188CCB214A4EB0000C15B9 /* Products */ = {
			isa = PBXGroup;
			children = (
				0F188CCA214A4EB0000C15B9 /* PhotoGeolocation.app */,
			);
			name = Products;
			sourceTree = "<group>";
		};
		0F188CCC214A4EB0000C15B9 /* PhotoGeolocation */ = {
			isa = PBXGroup;
			children = (
				0F7AE5522153812800DB4AEF /* Concept.m4v */,
				0F188CE3214A5407000C15B9 /* UI */,
				0F188CCD214A4EB0000C15B9 /* AppDelegate.swift */,
				0F188CD1214A4EB0000C15B9 /* Geolocation.storyboard */,
				0F188CD4214A4EB1000C15B9 /* Assets.xcassets */,
				0F188CD6214A4EB1000C15B9 /* LaunchScreen.storyboard */,
				0F188CD9214A4EB1000C15B9 /* Info.plist */,
			);
			path = PhotoGeolocation;
			sourceTree = "<group>";
		};
		0F188CE3214A5407000C15B9 /* UI */ = {
			isa = PBXGroup;
			children = (
				0F188CE4214A5407000C15B9 /* StartScreenViewController.swift */,
				0F188CE6214A5423000C15B9 /* ImagePreviewViewController.swift */,
				0F7AE5542153852900DB4AEF /* VideoPreviewViewController.swift */,
				0F7AE54D21527FD300DB4AEF /* PhotoAlbum.swift */,
			);
			path = UI;
			sourceTree = "<group>";
		};
/* End PBXGroup section */

/* Begin PBXNativeTarget section */
		0F188CC9214A4EB0000C15B9 /* PhotoGeolocation */ = {
			isa = PBXNativeTarget;
			buildConfigurationList = 0F188CDC214A4EB1000C15B9 /* Build configuration list for PBXNativeTarget "PhotoGeolocation" */;
			buildPhases = (
				0F188CC6214A4EB0000C15B9 /* Sources */,
				0F188CC7214A4EB0000C15B9 /* Frameworks */,
				0F188CC8214A4EB0000C15B9 /* Resources */,
			);
			buildRules = (
			);
			dependencies = (
			);
			name = PhotoGeolocation;
			productName = PhotoGeolocation;
			productReference = 0F188CCA214A4EB0000C15B9 /* PhotoGeolocation.app */;
			productType = "com.apple.product-type.application";
		};
/* End PBXNativeTarget section */

/* Begin PBXProject section */
		0F188CC2214A4EB0000C15B9 /* Project object */ = {
			isa = PBXProject;
			attributes = {
				LastSwiftUpdateCheck = 0940;
				LastUpgradeCheck = 0940;
				ORGANIZATIONNAME = Vasyl.Savka;
				TargetAttributes = {
					0F188CC9214A4EB0000C15B9 = {
						CreatedOnToolsVersion = 9.4.1;
					};
				};
			};
			buildConfigurationList = 0F188CC5214A4EB0000C15B9 /* Build configuration list for PBXProject "PhotoGeolocation" */;
			compatibilityVersion = "Xcode 9.3";
			developmentRegion = en;
			hasScannedForEncodings = 0;
			knownRegions = (
				en,
				Base,
			);
			mainGroup = 0F188CC1214A4EB0000C15B9;
			productRefGroup = 0F188CCB214A4EB0000C15B9 /* Products */;
			projectDirPath = "";
			projectRoot = "";
			targets = (
				0F188CC9214A4EB0000C15B9 /* PhotoGeolocation */,
			);
		};
/* End PBXProject section */

/* Begin PBXResourcesBuildPhase section */
		0F188CC8214A4EB0000C15B9 /* Resources */ = {
			isa = PBXResourcesBuildPhase;
			buildActionMask = 2147483647;
			files = (
				0F7AE5532153812800DB4AEF /* Concept.m4v in Resources */,
				0F188CD8214A4EB1000C15B9 /* LaunchScreen.storyboard in Resources */,
				0F188CD5214A4EB1000C15B9 /* Assets.xcassets in Resources */,
				0F188CD3214A4EB0000C15B9 /* Geolocation.storyboard in Resources */,
			);
			runOnlyForDeploymentPostprocessing = 0;
		};
/* End PBXResourcesBuildPhase section */

/* Begin PBXSourcesBuildPhase section */
		0F188CC6214A4EB0000C15B9 /* Sources */ = {
			isa = PBXSourcesBuildPhase;
			buildActionMask = 2147483647;
			files = (
				0F7AE5552153852900DB4AEF /* VideoPreviewViewController.swift in Sources */,
				0F188CCE214A4EB0000C15B9 /* AppDelegate.swift in Sources */,
				0F188CE7214A5424000C15B9 /* ImagePreviewViewController.swift in Sources */,
				0F7AE54E21527FD300DB4AEF /* PhotoAlbum.swift in Sources */,
				0F188CE5214A5407000C15B9 /* StartScreenViewController.swift in Sources */,
			);
			runOnlyForDeploymentPostprocessing = 0;
		};
/* End PBXSourcesBuildPhase section */

/* Begin PBXVariantGroup section */
		0F188CD1214A4EB0000C15B9 /* Geolocation.storyboard */ = {
			isa = PBXVariantGroup;
			children = (
				0F188CD2214A4EB0000C15B9 /* Base */,
			);
			name = Geolocation.storyboard;
			sourceTree = "<group>";
		};
		0F188CD6214A4EB1000C15B9 /* LaunchScreen.storyboard */ = {
			isa = PBXVariantGroup;
			children = (
				0F188CD7214A4EB1000C15B9 /* Base */,
			);
			name = LaunchScreen.storyboard;
			sourceTree = "<group>";
		};
/* End PBXVariantGroup section */

/* Begin XCBuildConfiguration section */
		0F188CDA214A4EB1000C15B9 /* Debug */ = {
			isa = XCBuildConfiguration;
			buildSettings = {
				ALWAYS_SEARCH_USER_PATHS = NO;
				CLANG_ANALYZER_NONNULL = YES;
				CLANG_ANALYZER_NUMBER_OBJECT_CONVERSION = YES_AGGRESSIVE;
				CLANG_CXX_LANGUAGE_STANDARD = "gnu++14";
				CLANG_CXX_LIBRARY = "libc++";
				CLANG_ENABLE_MODULES = YES;
				CLANG_ENABLE_OBJC_ARC = YES;
				CLANG_ENABLE_OBJC_WEAK = YES;
				CLANG_WARN_BLOCK_CAPTURE_AUTORELEASING = YES;
				CLANG_WARN_BOOL_CONVERSION = YES;
				CLANG_WARN_COMMA = YES;
				CLANG_WARN_CONSTANT_CONVERSION = YES;
				CLANG_WARN_DEPRECATED_OBJC_IMPLEMENTATIONS = YES;
				CLANG_WARN_DIRECT_OBJC_ISA_USAGE = YES_ERROR;
				CLANG_WARN_DOCUMENTATION_COMMENTS = YES;
				CLANG_WARN_EMPTY_BODY = YES;
				CLANG_WARN_ENUM_CONVERSION = YES;
				CLANG_WARN_INFINITE_RECURSION = YES;
				CLANG_WARN_INT_CONVERSION = YES;
				CLANG_WARN_NON_LITERAL_NULL_CONVERSION = YES;
				CLANG_WARN_OBJC_IMPLICIT_RETAIN_SELF = YES;
				CLANG_WARN_OBJC_LITERAL_CONVERSION = YES;
				CLANG_WARN_OBJC_ROOT_CLASS = YES_ERROR;
				CLANG_WARN_RANGE_LOOP_ANALYSIS = YES;
				CLANG_WARN_STRICT_PROTOTYPES = YES;
				CLANG_WARN_SUSPICIOUS_MOVE = YES;
				CLANG_WARN_UNGUARDED_AVAILABILITY = YES_AGGRESSIVE;
				CLANG_WARN_UNREACHABLE_CODE = YES;
				CLANG_WARN__DUPLICATE_METHOD_MATCH = YES;
				CODE_SIGN_IDENTITY = "iPhone Developer";
				COPY_PHASE_STRIP = NO;
				DEBUG_INFORMATION_FORMAT = dwarf;
				ENABLE_STRICT_OBJC_MSGSEND = YES;
				ENABLE_TESTABILITY = YES;
				GCC_C_LANGUAGE_STANDARD = gnu11;
				GCC_DYNAMIC_NO_PIC = NO;
				GCC_NO_COMMON_BLOCKS = YES;
				GCC_OPTIMIZATION_LEVEL = 0;
				GCC_PREPROCESSOR_DEFINITIONS = (
					"DEBUG=1",
					"$(inherited)",
				);
				GCC_WARN_64_TO_32_BIT_CONVERSION = YES;
				GCC_WARN_ABOUT_RETURN_TYPE = YES_ERROR;
				GCC_WARN_UNDECLARED_SELECTOR = YES;
				GCC_WARN_UNINITIALIZED_AUTOS = YES_AGGRESSIVE;
				GCC_WARN_UNUSED_FUNCTION = YES;
				GCC_WARN_UNUSED_VARIABLE = YES;
				IPHONEOS_DEPLOYMENT_TARGET = 11.4;
				MTL_ENABLE_DEBUG_INFO = YES;
				ONLY_ACTIVE_ARCH = YES;
				SDKROOT = iphoneos;
				SWIFT_ACTIVE_COMPILATION_CONDITIONS = DEBUG;
				SWIFT_OPTIMIZATION_LEVEL = "-Onone";
			};
			name = Debug;
		};
		0F188CDB214A4EB1000C15B9 /* Release */ = {
			isa = XCBuildConfiguration;
			buildSettings = {
				ALWAYS_SEARCH_USER_PATHS = NO;
				CLANG_ANALYZER_NONNULL = YES;
				CLANG_ANALYZER_NUMBER_OBJECT_CONVERSION = YES_AGGRESSIVE;
				CLANG_CXX_LANGUAGE_STANDARD = "gnu++14";
				CLANG_CXX_LIBRARY = "libc++";
				CLANG_ENABLE_MODULES = YES;
				CLANG_ENABLE_OBJC_ARC = YES;
				CLANG_ENABLE_OBJC_WEAK = YES;
				CLANG_WARN_BLOCK_CAPTURE_AUTORELEASING = YES;
				CLANG_WARN_BOOL_CONVERSION = YES;
				CLANG_WARN_COMMA = YES;
				CLANG_WARN_CONSTANT_CONVERSION = YES;
				CLANG_WARN_DEPRECATED_OBJC_IMPLEMENTATIONS = YES;
				CLANG_WARN_DIRECT_OBJC_ISA_USAGE = YES_ERROR;
				CLANG_WARN_DOCUMENTATION_COMMENTS = YES;
				CLANG_WARN_EMPTY_BODY = YES;
				CLANG_WARN_ENUM_CONVERSION = YES;
				CLANG_WARN_INFINITE_RECURSION = YES;
				CLANG_WARN_INT_CONVERSION = YES;
				CLANG_WARN_NON_LITERAL_NULL_CONVERSION = YES;
				CLANG_WARN_OBJC_IMPLICIT_RETAIN_SELF = YES;
				CLANG_WARN_OBJC_LITERAL_CONVERSION = YES;
				CLANG_WARN_OBJC_ROOT_CLASS = YES_ERROR;
				CLANG_WARN_RANGE_LOOP_ANALYSIS = YES;
				CLANG_WARN_STRICT_PROTOTYPES = YES;
				CLANG_WARN_SUSPICIOUS_MOVE = YES;
				CLANG_WARN_UNGUARDED_AVAILABILITY = YES_AGGRESSIVE;
				CLANG_WARN_UNREACHABLE_CODE = YES;
				CLANG_WARN__DUPLICATE_METHOD_MATCH = YES;
				CODE_SIGN_IDENTITY = "iPhone Developer";
				COPY_PHASE_STRIP = NO;
				DEBUG_INFORMATION_FORMAT = "dwarf-with-dsym";
				ENABLE_NS_ASSERTIONS = NO;
				ENABLE_STRICT_OBJC_MSGSEND = YES;
				GCC_C_LANGUAGE_STANDARD = gnu11;
				GCC_NO_COMMON_BLOCKS = YES;
				GCC_WARN_64_TO_32_BIT_CONVERSION = YES;
				GCC_WARN_ABOUT_RETURN_TYPE = YES_ERROR;
				GCC_WARN_UNDECLARED_SELECTOR = YES;
				GCC_WARN_UNINITIALIZED_AUTOS = YES_AGGRESSIVE;
				GCC_WARN_UNUSED_FUNCTION = YES;
				GCC_WARN_UNUSED_VARIABLE = YES;
				IPHONEOS_DEPLOYMENT_TARGET = 11.4;
				MTL_ENABLE_DEBUG_INFO = NO;
				SDKROOT = iphoneos;
				SWIFT_COMPILATION_MODE = wholemodule;
				SWIFT_OPTIMIZATION_LEVEL = "-O";
				VALIDATE_PRODUCT = YES;
			};
			name = Release;
		};
		0F188CDD214A4EB1000C15B9 /* Debug */ = {
			isa = XCBuildConfiguration;
			buildSettings = {
				ASSETCATALOG_COMPILER_APPICON_NAME = AppIcon;
				CODE_SIGN_STYLE = Automatic;
				DEVELOPMENT_TEAM = Y3Y5PA9K7M;
				INFOPLIST_FILE = PhotoGeolocation/Info.plist;
				LD_RUNPATH_SEARCH_PATHS = (
					"$(inherited)",
					"@executable_path/Frameworks",
				);
				PRODUCT_BUNDLE_IDENTIFIER = CmrUI.PhotoGeolocation;
				PRODUCT_NAME = "$(TARGET_NAME)";
				SWIFT_VERSION = 4.0;
				TARGETED_DEVICE_FAMILY = "1,2";
			};
			name = Debug;
		};
		0F188CDE214A4EB1000C15B9 /* Release */ = {
			isa = XCBuildConfiguration;
			buildSettings = {
				ASSETCATALOG_COMPILER_APPICON_NAME = AppIcon;
				CODE_SIGN_STYLE = Automatic;
				DEVELOPMENT_TEAM = Y3Y5PA9K7M;
				INFOPLIST_FILE = PhotoGeolocation/Info.plist;
				LD_RUNPATH_SEARCH_PATHS = (
					"$(inherited)",
					"@executable_path/Frameworks",
				);
				PRODUCT_BUNDLE_IDENTIFIER = CmrUI.PhotoGeolocation;
				PRODUCT_NAME = "$(TARGET_NAME)";
				SWIFT_VERSION = 4.0;
				TARGETED_DEVICE_FAMILY = "1,2";
			};
			name = Release;
		};
/* End XCBuildConfiguration section */

/* Begin XCConfigurationList section */
		0F188CC5214A4EB0000C15B9 /* Build configuration list for PBXProject "PhotoGeolocation" */ = {
			isa = XCConfigurationList;
			buildConfigurations = (
				0F188CDA214A4EB1000C15B9 /* Debug */,
				0F188CDB214A4EB1000C15B9 /* Release */,
			);
			defaultConfigurationIsVisible = 0;
			defaultConfigurationName = Release;
		};
		0F188CDC214A4EB1000C15B9 /* Build configuration list for PBXNativeTarget "PhotoGeolocation" */ = {
			isa = XCConfigurationList;
			buildConfigurations = (
				0F188CDD214A4EB1000C15B9 /* Debug */,
				0F188CDE214A4EB1000C15B9 /* Release */,
			);
			defaultConfigurationIsVisible = 0;
			defaultConfigurationName = Release;
		};
/* End XCConfigurationList section */
	};
	rootObject = 0F188CC2214A4EB0000C15B9 /* Project object */;
}
